
Microsoft Visual Studio Solution File, Format Version 12.00
# Visual Studio Version 17
VisualStudioVersion = 17.11.35222.181
MinimumVisualStudioVersion = 10.0.40219.1
Project("{FAE04EC0-301F-11D3-BF4B-00C04F79EFBC}") = "GymBokning", "GymBokning\GymBokning.csproj", "{BDBD9C78-C4A5-42CF-BCF9-DA3B9CBAC756}"
EndProject
Global
	GlobalSection(SolutionConfigurationPlatforms) = preSolution
		Debug|Any CPU = Debug|Any CPU
		Release|Any CPU = Release|Any CPU
	EndGlobalSection
	GlobalSection(ProjectConfigurationPlatforms) = postSolution
		{BDBD9C78-C4A5-42CF-BCF9-DA3B9CBAC756}.Debug|Any CPU.ActiveCfg = Debug|Any CPU
		{BDBD9C78-C4A5-42CF-BCF9-DA3B9CBAC756}.Debug|Any CPU.Build.0 = Debug|Any CPU
		{BDBD9C78-C4A5-42CF-BCF9-DA3B9CBAC756}.Release|Any CPU.ActiveCfg = Release|Any CPU
		{BDBD9C78-C4A5-42CF-BCF9-DA3B9CBAC756}.Release|Any CPU.Build.0 = Release|Any CPU
	EndGlobalSection
	GlobalSection(SolutionProperties) = preSolution
		HideSolutionNode = FALSE
	EndGlobalSection
	GlobalSection(ExtensibilityGlobals) = postSolution
		SolutionGuid = {87866265-1025-4296-B3C1-774BC8407ECD}
	EndGlobalSection
EndGlobal
